{
  "name": "Modul 13",
  "lockfileVersion": 3,
  "requires": true,
  "packages": {
    "": {
      "dependencies": {
        "material": "^0.9.20"
      }
    },
    "node_modules/material": {
      "version": "0.9.20",
      "resolved": "https://registry.npmjs.org/material/-/material-0.9.20.tgz",
      "integrity": "sha512-/aYBgGZXV6pG4vKlbFTyHTezMC1NRLVsRghHE+JB4Xz36Kxa9lLX/PMK+OfGRNzJ0AW/Qat9eW12w2diKDEpJA==",
      "license": "GPL-3"
    }
  }
}
